
Microsoft Visual Studio Solution File, Format Version 12.00
# Visual Studio Version 17
VisualStudioVersion = 17.10.35027.167
MinimumVisualStudioVersion = 10.0.40219.1
Project("{FAE04EC0-301F-11D3-BF4B-00C04F79EFBC}") = "GraphicsPackage", "LineDrowing\GraphicsPackage.csproj", "{5410BD25-031E-42BF-A316-64C31E838B08}"
EndProject
Global
	GlobalSection(SolutionConfigurationPlatforms) = preSolution
		Debug|Any CPU = Debug|Any CPU
		Release|Any CPU = Release|Any CPU
	EndGlobalSection
	GlobalSection(ProjectConfigurationPlatforms) = postSolution
		{5410BD25-031E-42BF-A316-64C31E838B08}.Debug|Any CPU.ActiveCfg = Debug|Any CPU
		{5410BD25-031E-42BF-A316-64C31E838B08}.Debug|Any CPU.Build.0 = Debug|Any CPU
		{5410BD25-031E-42BF-A316-64C31E838B08}.Release|Any CPU.ActiveCfg = Release|Any CPU
		{5410BD25-031E-42BF-A316-64C31E838B08}.Release|Any CPU.Build.0 = Release|Any CPU
	EndGlobalSection
	GlobalSection(SolutionProperties) = preSolution
		HideSolutionNode = FALSE
	EndGlobalSection
	GlobalSection(ExtensibilityGlobals) = postSolution
		SolutionGuid = {F26E8A3E-AA19-4252-914F-84F8A22F1444}
	EndGlobalSection
EndGlobal
